
Microsoft Visual Studio Solution File, Format Version 12.00
# Visual Studio 15
VisualStudioVersion = 15.0.28307.329
MinimumVisualStudioVersion = 10.0.40219.1
Project("{9A19103F-16F7-4668-BE54-9A1E7A4F7556}") = "BAF.Data", "BAF.Data\BAF.Data.csproj", "{98C46126-8610-49D5-BC60-AEBE475A9F32}"
EndProject
Project("{9A19103F-16F7-4668-BE54-9A1E7A4F7556}") = "BAF.Business", "BAF.Business\BAF.Business.csproj", "{8B586699-0BCE-4963-850E-C9AC3A359463}"
EndProject
Project("{9A19103F-16F7-4668-BE54-9A1E7A4F7556}") = "BAF.Api", "BAF.Api\BAF.Api.csproj", "{F7112941-9A6F-4FA9-B0FE-C1BD0BB8F35E}"
EndProject
Project("{9A19103F-16F7-4668-BE54-9A1E7A4F7556}") = "BAF.Model", "BAF.Model\BAF.Model.csproj", "{39B6239D-8FEA-4FC8-BFBD-7A1DCFBC7822}"
EndProject
Project("{9A19103F-16F7-4668-BE54-9A1E7A4F7556}") = "BAF.Core", "BAF.Core\BAF.Core.csproj", "{67686FF9-A118-40DF-8A33-FBD47C9B994C}"
EndProject
Project("{9A19103F-16F7-4668-BE54-9A1E7A4F7556}") = "BAF.Extensions", "BAF.Extensions\BAF.Extensions.csproj", "{2673EDF2-C52F-47A6-9BE0-9BF904D5ADF4}"
EndProject
Project("{9A19103F-16F7-4668-BE54-9A1E7A4F7556}") = "BAF.Exceptions", "BAF.Exceptions\BAF.Exceptions.csproj", "{38E718E4-B8EF-472F-A56D-52F4395D1F62}"
EndProject
Project("{9A19103F-16F7-4668-BE54-9A1E7A4F7556}") = "BAF.Konsole", "BAF.Konsole\BAF.Konsole.csproj", "{3E96E9B2-3F60-416F-AD98-0823BDF891F7}"
EndProject
Project("{9A19103F-16F7-4668-BE54-9A1E7A4F7556}") = "BAF", "BAF\BAF.csproj", "{A272E4AF-4199-421B-B065-0626E09A0994}"
EndProject
Project("{2150E333-8FDC-42A3-9474-1A3956D46DE8}") = "Services", "Services", "{8D28921B-C538-49B1-8614-524F30394B71}"
EndProject
Project("{FAE04EC0-301F-11D3-BF4B-00C04F79EFBC}") = "BAF.Service.AgileMapper", "BAF.Service.AgileMapper\BAF.Service.AgileMapper.csproj", "{BA4C1211-5FD9-4341-ACA8-4068B3CF7690}"
EndProject
Project("{FAE04EC0-301F-11D3-BF4B-00C04F79EFBC}") = "BAF.Service.AmazonMQ", "BAF.Service.AmazonMQ\BAF.Service.AmazonMQ.csproj", "{44C16B99-692D-4B39-9954-58F807C282CE}"
EndProject
Project("{FAE04EC0-301F-11D3-BF4B-00C04F79EFBC}") = "BAF.Service.AutoMapper", "BAF.Service.AutoMapper\BAF.Service.AutoMapper.csproj", "{92EEA989-B713-4E28-91C2-A1A44238ED4A}"
EndProject
Project("{FAE04EC0-301F-11D3-BF4B-00C04F79EFBC}") = "BAF.Service.DbUp", "BAF.Service.DbUp\BAF.Service.DbUp.csproj", "{412B6270-9660-4137-8CCE-26C0A4B9B83B}"
EndProject
Project("{FAE04EC0-301F-11D3-BF4B-00C04F79EFBC}") = "BAF.Service.Mapster", "BAF.Service.Mapster\BAF.Service.Mapster.csproj", "{E3D02734-C637-478F-928A-C6646A1B047D}"
EndProject
Project("{FAE04EC0-301F-11D3-BF4B-00C04F79EFBC}") = "BAF.Service.MemoryCache", "BAF.Service.MemoryCache\BAF.Service.MemoryCache.csproj", "{656BD8FF-321F-4841-B1E0-8AA84ACE0AAC}"
EndProject
Project("{FAE04EC0-301F-11D3-BF4B-00C04F79EFBC}") = "BAF.Service.RabbitMQ", "BAF.Service.RabbitMQ\BAF.Service.RabbitMQ.csproj", "{A3653CF7-9424-4816-B478-0A81922EC018}"
EndProject
Project("{FAE04EC0-301F-11D3-BF4B-00C04F79EFBC}") = "BAF.Service.Redis", "BAF.Service.Redis\BAF.Service.Redis.csproj", "{1889DB35-4D54-4DD4-80C9-0152F9729A28}"
EndProject
Project("{FAE04EC0-301F-11D3-BF4B-00C04F79EFBC}") = "BAF.Service.Serilog", "BAF.Service.Serilog\BAF.Service.Serilog.csproj", "{CCC0D151-8700-46CF-B3E8-F3CA5DC043A5}"
EndProject
Project("{FAE04EC0-301F-11D3-BF4B-00C04F79EFBC}") = "BAF.Service.SimpleInjector", "BAF.Service.SimpleInjector\BAF.Service.SimpleInjector.csproj", "{EFE81A3D-E4BA-426C-ACF4-5A7360CDE15B}"
EndProject
Project("{FAE04EC0-301F-11D3-BF4B-00C04F79EFBC}") = "BAF.Service.EFCore", "BAF.Service.EFCore\BAF.Service.EFCore.csproj", "{F9B835BE-312B-417C-9A27-A311D840D364}"
EndProject
Global
	GlobalSection(SolutionConfigurationPlatforms) = preSolution
		Default|Any CPU = Default|Any CPU
	EndGlobalSection
	GlobalSection(ProjectConfigurationPlatforms) = postSolution
		{98C46126-8610-49D5-BC60-AEBE475A9F32}.Default|Any CPU.ActiveCfg = Default|Any CPU
		{98C46126-8610-49D5-BC60-AEBE475A9F32}.Default|Any CPU.Build.0 = Default|Any CPU
		{8B586699-0BCE-4963-850E-C9AC3A359463}.Default|Any CPU.ActiveCfg = Default|Any CPU
		{8B586699-0BCE-4963-850E-C9AC3A359463}.Default|Any CPU.Build.0 = Default|Any CPU
		{F7112941-9A6F-4FA9-B0FE-C1BD0BB8F35E}.Default|Any CPU.ActiveCfg = Debug|Any CPU
		{F7112941-9A6F-4FA9-B0FE-C1BD0BB8F35E}.Default|Any CPU.Build.0 = Debug|Any CPU
		{39B6239D-8FEA-4FC8-BFBD-7A1DCFBC7822}.Default|Any CPU.ActiveCfg = Debug|Any CPU
		{39B6239D-8FEA-4FC8-BFBD-7A1DCFBC7822}.Default|Any CPU.Build.0 = Debug|Any CPU
		{67686FF9-A118-40DF-8A33-FBD47C9B994C}.Default|Any CPU.ActiveCfg = Debug|Any CPU
		{67686FF9-A118-40DF-8A33-FBD47C9B994C}.Default|Any CPU.Build.0 = Debug|Any CPU
		{2673EDF2-C52F-47A6-9BE0-9BF904D5ADF4}.Default|Any CPU.ActiveCfg = Debug|Any CPU
		{2673EDF2-C52F-47A6-9BE0-9BF904D5ADF4}.Default|Any CPU.Build.0 = Debug|Any CPU
		{38E718E4-B8EF-472F-A56D-52F4395D1F62}.Default|Any CPU.ActiveCfg = Debug|Any CPU
		{38E718E4-B8EF-472F-A56D-52F4395D1F62}.Default|Any CPU.Build.0 = Debug|Any CPU
		{3E96E9B2-3F60-416F-AD98-0823BDF891F7}.Default|Any CPU.ActiveCfg = Debug|Any CPU
		{3E96E9B2-3F60-416F-AD98-0823BDF891F7}.Default|Any CPU.Build.0 = Debug|Any CPU
		{A272E4AF-4199-421B-B065-0626E09A0994}.Default|Any CPU.ActiveCfg = Debug|Any CPU
		{A272E4AF-4199-421B-B065-0626E09A0994}.Default|Any CPU.Build.0 = Debug|Any CPU
		{BA4C1211-5FD9-4341-ACA8-4068B3CF7690}.Default|Any CPU.ActiveCfg = Debug|Any CPU
		{BA4C1211-5FD9-4341-ACA8-4068B3CF7690}.Default|Any CPU.Build.0 = Debug|Any CPU
		{44C16B99-692D-4B39-9954-58F807C282CE}.Default|Any CPU.ActiveCfg = Debug|Any CPU
		{44C16B99-692D-4B39-9954-58F807C282CE}.Default|Any CPU.Build.0 = Debug|Any CPU
		{92EEA989-B713-4E28-91C2-A1A44238ED4A}.Default|Any CPU.ActiveCfg = Debug|Any CPU
		{92EEA989-B713-4E28-91C2-A1A44238ED4A}.Default|Any CPU.Build.0 = Debug|Any CPU
		{412B6270-9660-4137-8CCE-26C0A4B9B83B}.Default|Any CPU.ActiveCfg = Debug|Any CPU
		{412B6270-9660-4137-8CCE-26C0A4B9B83B}.Default|Any CPU.Build.0 = Debug|Any CPU
		{E3D02734-C637-478F-928A-C6646A1B047D}.Default|Any CPU.ActiveCfg = Debug|Any CPU
		{E3D02734-C637-478F-928A-C6646A1B047D}.Default|Any CPU.Build.0 = Debug|Any CPU
		{656BD8FF-321F-4841-B1E0-8AA84ACE0AAC}.Default|Any CPU.ActiveCfg = Debug|Any CPU
		{656BD8FF-321F-4841-B1E0-8AA84ACE0AAC}.Default|Any CPU.Build.0 = Debug|Any CPU
		{A3653CF7-9424-4816-B478-0A81922EC018}.Default|Any CPU.ActiveCfg = Debug|Any CPU
		{A3653CF7-9424-4816-B478-0A81922EC018}.Default|Any CPU.Build.0 = Debug|Any CPU
		{1889DB35-4D54-4DD4-80C9-0152F9729A28}.Default|Any CPU.ActiveCfg = Debug|Any CPU
		{1889DB35-4D54-4DD4-80C9-0152F9729A28}.Default|Any CPU.Build.0 = Debug|Any CPU
		{CCC0D151-8700-46CF-B3E8-F3CA5DC043A5}.Default|Any CPU.ActiveCfg = Debug|Any CPU
		{CCC0D151-8700-46CF-B3E8-F3CA5DC043A5}.Default|Any CPU.Build.0 = Debug|Any CPU
		{EFE81A3D-E4BA-426C-ACF4-5A7360CDE15B}.Default|Any CPU.ActiveCfg = Debug|Any CPU
		{EFE81A3D-E4BA-426C-ACF4-5A7360CDE15B}.Default|Any CPU.Build.0 = Debug|Any CPU
		{F9B835BE-312B-417C-9A27-A311D840D364}.Default|Any CPU.ActiveCfg = Debug|Any CPU
		{F9B835BE-312B-417C-9A27-A311D840D364}.Default|Any CPU.Build.0 = Debug|Any CPU
	EndGlobalSection
	GlobalSection(SolutionProperties) = preSolution
		HideSolutionNode = FALSE
	EndGlobalSection
	GlobalSection(ExtensibilityGlobals) = postSolution
		SolutionGuid = {0CEDD57E-B5EE-4B24-B789-E490EA093C22}
	EndGlobalSection
	GlobalSection(NestedProjects) = preSolution
		{BA4C1211-5FD9-4341-ACA8-4068B3CF7690} = {8D28921B-C538-49B1-8614-524F30394B71}
		{44C16B99-692D-4B39-9954-58F807C282CE} = {8D28921B-C538-49B1-8614-524F30394B71}
		{92EEA989-B713-4E28-91C2-A1A44238ED4A} = {8D28921B-C538-49B1-8614-524F30394B71}
		{412B6270-9660-4137-8CCE-26C0A4B9B83B} = {8D28921B-C538-49B1-8614-524F30394B71}
		{E3D02734-C637-478F-928A-C6646A1B047D} = {8D28921B-C538-49B1-8614-524F30394B71}
		{656BD8FF-321F-4841-B1E0-8AA84ACE0AAC} = {8D28921B-C538-49B1-8614-524F30394B71}
		{A3653CF7-9424-4816-B478-0A81922EC018} = {8D28921B-C538-49B1-8614-524F30394B71}
		{1889DB35-4D54-4DD4-80C9-0152F9729A28} = {8D28921B-C538-49B1-8614-524F30394B71}
		{CCC0D151-8700-46CF-B3E8-F3CA5DC043A5} = {8D28921B-C538-49B1-8614-524F30394B71}
		{EFE81A3D-E4BA-426C-ACF4-5A7360CDE15B} = {8D28921B-C538-49B1-8614-524F30394B71}
		{F9B835BE-312B-417C-9A27-A311D840D364} = {8D28921B-C538-49B1-8614-524F30394B71}
	EndGlobalSection
EndGlobal
