
Microsoft Visual Studio Solution File, Format Version 12.00
# Visual Studio 15
VisualStudioVersion = 15.0.28307.329
MinimumVisualStudioVersion = 10.0.40219.1
Project("{9A19103F-16F7-4668-BE54-9A1E7A4F7556}") = "BAF.Data", "BAF.Data\BAF.Data.csproj", "{98C46126-8610-49D5-BC60-AEBE475A9F32}"
EndProject
Project("{9A19103F-16F7-4668-BE54-9A1E7A4F7556}") = "BAF.Business", "BAF.Business\BAF.Business.csproj", "{8B586699-0BCE-4963-850E-C9AC3A359463}"
EndProject
Project("{9A19103F-16F7-4668-BE54-9A1E7A4F7556}") = "BAF.Model", "BAF.Model\BAF.Model.csproj", "{39B6239D-8FEA-4FC8-BFBD-7A1DCFBC7822}"
EndProject
Project("{9A19103F-16F7-4668-BE54-9A1E7A4F7556}") = "BAF.Extensions", "BAF.Extensions\BAF.Extensions.csproj", "{2673EDF2-C52F-47A6-9BE0-9BF904D5ADF4}"
EndProject
Project("{9A19103F-16F7-4668-BE54-9A1E7A4F7556}") = "BAF.Exceptions", "BAF.Exceptions\BAF.Exceptions.csproj", "{38E718E4-B8EF-472F-A56D-52F4395D1F62}"
EndProject
Project("{9A19103F-16F7-4668-BE54-9A1E7A4F7556}") = "BAF.Konsole", "BAF.Konsole\BAF.Konsole.csproj", "{3E96E9B2-3F60-416F-AD98-0823BDF891F7}"
EndProject
Project("{9A19103F-16F7-4668-BE54-9A1E7A4F7556}") = "BAF", "BAF\BAF.csproj", "{A272E4AF-4199-421B-B065-0626E09A0994}"
EndProject
Project("{2150E333-8FDC-42A3-9474-1A3956D46DE8}") = "Services", "Services", "{8D28921B-C538-49B1-8614-524F30394B71}"
EndProject
Project("{9A19103F-16F7-4668-BE54-9A1E7A4F7556}") = "BAF.Service.AmazonMQ", "BAF.Service.AmazonMQ\BAF.Service.AmazonMQ.csproj", "{44C16B99-692D-4B39-9954-58F807C282CE}"
EndProject
Project("{9A19103F-16F7-4668-BE54-9A1E7A4F7556}") = "BAF.Service.DbUp", "BAF.Service.DbUp\BAF.Service.DbUp.csproj", "{412B6270-9660-4137-8CCE-26C0A4B9B83B}"
EndProject
Project("{9A19103F-16F7-4668-BE54-9A1E7A4F7556}") = "BAF.Service.MemoryCache", "BAF.Service.MemoryCache\BAF.Service.MemoryCache.csproj", "{656BD8FF-321F-4841-B1E0-8AA84ACE0AAC}"
EndProject
Project("{9A19103F-16F7-4668-BE54-9A1E7A4F7556}") = "BAF.Service.RabbitMQ", "BAF.Service.RabbitMQ\BAF.Service.RabbitMQ.csproj", "{A3653CF7-9424-4816-B478-0A81922EC018}"
EndProject
Project("{9A19103F-16F7-4668-BE54-9A1E7A4F7556}") = "BAF.Service.Redis", "BAF.Service.Redis\BAF.Service.Redis.csproj", "{1889DB35-4D54-4DD4-80C9-0152F9729A28}"
EndProject
Project("{9A19103F-16F7-4668-BE54-9A1E7A4F7556}") = "BAF.Data.EFCore", "BAF.Data.EFCore\BAF.Data.EFCore.csproj", "{63E14261-BFFB-4E6E-84B3-E9B09F6A3444}"
EndProject
Project("{9A19103F-16F7-4668-BE54-9A1E7A4F7556}") = "BAF.Data.Dapper", "BAF.Data.Dapper\BAF.Data.Dapper.csproj", "{0F66F524-96F7-456C-8FDA-172DB22F6B86}"
EndProject
Project("{9A19103F-16F7-4668-BE54-9A1E7A4F7556}") = "BAF.Api.Test", "BAF.Api.Test\BAF.Api.Test.csproj", "{B20559B6-4892-4797-B648-24F1542AA1E2}"
EndProject
Project("{FAE04EC0-301F-11D3-BF4B-00C04F79EFBC}") = "BAF.Api", "BAF.Api\BAF.Api.csproj", "{4805C293-013D-4EA8-82CF-FAE84D7ACB25}"
EndProject
Global
	GlobalSection(SolutionConfigurationPlatforms) = preSolution
		Debug|Any CPU = Debug|Any CPU
		Release|Any CPU = Release|Any CPU
	EndGlobalSection
	GlobalSection(ProjectConfigurationPlatforms) = postSolution
		{98C46126-8610-49D5-BC60-AEBE475A9F32}.Debug|Any CPU.ActiveCfg = Debug|Any CPU
		{98C46126-8610-49D5-BC60-AEBE475A9F32}.Debug|Any CPU.Build.0 = Debug|Any CPU
		{98C46126-8610-49D5-BC60-AEBE475A9F32}.Release|Any CPU.ActiveCfg = Release|Any CPU
		{98C46126-8610-49D5-BC60-AEBE475A9F32}.Release|Any CPU.Build.0 = Release|Any CPU
		{8B586699-0BCE-4963-850E-C9AC3A359463}.Debug|Any CPU.ActiveCfg = Debug|Any CPU
		{8B586699-0BCE-4963-850E-C9AC3A359463}.Debug|Any CPU.Build.0 = Debug|Any CPU
		{8B586699-0BCE-4963-850E-C9AC3A359463}.Release|Any CPU.ActiveCfg = Release|Any CPU
		{8B586699-0BCE-4963-850E-C9AC3A359463}.Release|Any CPU.Build.0 = Release|Any CPU
		{39B6239D-8FEA-4FC8-BFBD-7A1DCFBC7822}.Debug|Any CPU.ActiveCfg = Debug|Any CPU
		{39B6239D-8FEA-4FC8-BFBD-7A1DCFBC7822}.Debug|Any CPU.Build.0 = Debug|Any CPU
		{39B6239D-8FEA-4FC8-BFBD-7A1DCFBC7822}.Release|Any CPU.ActiveCfg = Release|Any CPU
		{39B6239D-8FEA-4FC8-BFBD-7A1DCFBC7822}.Release|Any CPU.Build.0 = Release|Any CPU
		{2673EDF2-C52F-47A6-9BE0-9BF904D5ADF4}.Debug|Any CPU.ActiveCfg = Debug|Any CPU
		{2673EDF2-C52F-47A6-9BE0-9BF904D5ADF4}.Debug|Any CPU.Build.0 = Debug|Any CPU
		{2673EDF2-C52F-47A6-9BE0-9BF904D5ADF4}.Release|Any CPU.ActiveCfg = Release|Any CPU
		{2673EDF2-C52F-47A6-9BE0-9BF904D5ADF4}.Release|Any CPU.Build.0 = Release|Any CPU
		{38E718E4-B8EF-472F-A56D-52F4395D1F62}.Debug|Any CPU.ActiveCfg = Debug|Any CPU
		{38E718E4-B8EF-472F-A56D-52F4395D1F62}.Debug|Any CPU.Build.0 = Debug|Any CPU
		{38E718E4-B8EF-472F-A56D-52F4395D1F62}.Release|Any CPU.ActiveCfg = Release|Any CPU
		{38E718E4-B8EF-472F-A56D-52F4395D1F62}.Release|Any CPU.Build.0 = Release|Any CPU
		{3E96E9B2-3F60-416F-AD98-0823BDF891F7}.Debug|Any CPU.ActiveCfg = Debug|Any CPU
		{3E96E9B2-3F60-416F-AD98-0823BDF891F7}.Debug|Any CPU.Build.0 = Debug|Any CPU
		{3E96E9B2-3F60-416F-AD98-0823BDF891F7}.Release|Any CPU.ActiveCfg = Release|Any CPU
		{3E96E9B2-3F60-416F-AD98-0823BDF891F7}.Release|Any CPU.Build.0 = Release|Any CPU
		{A272E4AF-4199-421B-B065-0626E09A0994}.Debug|Any CPU.ActiveCfg = Debug|Any CPU
		{A272E4AF-4199-421B-B065-0626E09A0994}.Debug|Any CPU.Build.0 = Debug|Any CPU
		{A272E4AF-4199-421B-B065-0626E09A0994}.Release|Any CPU.ActiveCfg = Release|Any CPU
		{A272E4AF-4199-421B-B065-0626E09A0994}.Release|Any CPU.Build.0 = Release|Any CPU
		{44C16B99-692D-4B39-9954-58F807C282CE}.Debug|Any CPU.ActiveCfg = Debug|Any CPU
		{44C16B99-692D-4B39-9954-58F807C282CE}.Debug|Any CPU.Build.0 = Debug|Any CPU
		{44C16B99-692D-4B39-9954-58F807C282CE}.Release|Any CPU.ActiveCfg = Release|Any CPU
		{44C16B99-692D-4B39-9954-58F807C282CE}.Release|Any CPU.Build.0 = Release|Any CPU
		{412B6270-9660-4137-8CCE-26C0A4B9B83B}.Debug|Any CPU.ActiveCfg = Debug|Any CPU
		{412B6270-9660-4137-8CCE-26C0A4B9B83B}.Debug|Any CPU.Build.0 = Debug|Any CPU
		{412B6270-9660-4137-8CCE-26C0A4B9B83B}.Release|Any CPU.ActiveCfg = Release|Any CPU
		{412B6270-9660-4137-8CCE-26C0A4B9B83B}.Release|Any CPU.Build.0 = Release|Any CPU
		{656BD8FF-321F-4841-B1E0-8AA84ACE0AAC}.Debug|Any CPU.ActiveCfg = Debug|Any CPU
		{656BD8FF-321F-4841-B1E0-8AA84ACE0AAC}.Debug|Any CPU.Build.0 = Debug|Any CPU
		{656BD8FF-321F-4841-B1E0-8AA84ACE0AAC}.Release|Any CPU.ActiveCfg = Release|Any CPU
		{656BD8FF-321F-4841-B1E0-8AA84ACE0AAC}.Release|Any CPU.Build.0 = Release|Any CPU
		{A3653CF7-9424-4816-B478-0A81922EC018}.Debug|Any CPU.ActiveCfg = Debug|Any CPU
		{A3653CF7-9424-4816-B478-0A81922EC018}.Debug|Any CPU.Build.0 = Debug|Any CPU
		{A3653CF7-9424-4816-B478-0A81922EC018}.Release|Any CPU.ActiveCfg = Release|Any CPU
		{A3653CF7-9424-4816-B478-0A81922EC018}.Release|Any CPU.Build.0 = Release|Any CPU
		{1889DB35-4D54-4DD4-80C9-0152F9729A28}.Debug|Any CPU.ActiveCfg = Debug|Any CPU
		{1889DB35-4D54-4DD4-80C9-0152F9729A28}.Debug|Any CPU.Build.0 = Debug|Any CPU
		{1889DB35-4D54-4DD4-80C9-0152F9729A28}.Release|Any CPU.ActiveCfg = Release|Any CPU
		{1889DB35-4D54-4DD4-80C9-0152F9729A28}.Release|Any CPU.Build.0 = Release|Any CPU
		{63E14261-BFFB-4E6E-84B3-E9B09F6A3444}.Debug|Any CPU.ActiveCfg = Debug|Any CPU
		{63E14261-BFFB-4E6E-84B3-E9B09F6A3444}.Debug|Any CPU.Build.0 = Debug|Any CPU
		{63E14261-BFFB-4E6E-84B3-E9B09F6A3444}.Release|Any CPU.ActiveCfg = Release|Any CPU
		{63E14261-BFFB-4E6E-84B3-E9B09F6A3444}.Release|Any CPU.Build.0 = Release|Any CPU
		{0F66F524-96F7-456C-8FDA-172DB22F6B86}.Debug|Any CPU.ActiveCfg = Debug|Any CPU
		{0F66F524-96F7-456C-8FDA-172DB22F6B86}.Debug|Any CPU.Build.0 = Debug|Any CPU
		{0F66F524-96F7-456C-8FDA-172DB22F6B86}.Release|Any CPU.ActiveCfg = Release|Any CPU
		{0F66F524-96F7-456C-8FDA-172DB22F6B86}.Release|Any CPU.Build.0 = Release|Any CPU
		{B20559B6-4892-4797-B648-24F1542AA1E2}.Debug|Any CPU.ActiveCfg = Debug|Any CPU
		{B20559B6-4892-4797-B648-24F1542AA1E2}.Debug|Any CPU.Build.0 = Debug|Any CPU
		{B20559B6-4892-4797-B648-24F1542AA1E2}.Release|Any CPU.ActiveCfg = Release|Any CPU
		{B20559B6-4892-4797-B648-24F1542AA1E2}.Release|Any CPU.Build.0 = Release|Any CPU
		{4805C293-013D-4EA8-82CF-FAE84D7ACB25}.Debug|Any CPU.ActiveCfg = Debug|Any CPU
		{4805C293-013D-4EA8-82CF-FAE84D7ACB25}.Debug|Any CPU.Build.0 = Debug|Any CPU
		{4805C293-013D-4EA8-82CF-FAE84D7ACB25}.Release|Any CPU.ActiveCfg = Release|Any CPU
		{4805C293-013D-4EA8-82CF-FAE84D7ACB25}.Release|Any CPU.Build.0 = Release|Any CPU
	EndGlobalSection
	GlobalSection(SolutionProperties) = preSolution
		HideSolutionNode = FALSE
	EndGlobalSection
	GlobalSection(NestedProjects) = preSolution
		{44C16B99-692D-4B39-9954-58F807C282CE} = {8D28921B-C538-49B1-8614-524F30394B71}
		{412B6270-9660-4137-8CCE-26C0A4B9B83B} = {8D28921B-C538-49B1-8614-524F30394B71}
		{656BD8FF-321F-4841-B1E0-8AA84ACE0AAC} = {8D28921B-C538-49B1-8614-524F30394B71}
		{A3653CF7-9424-4816-B478-0A81922EC018} = {8D28921B-C538-49B1-8614-524F30394B71}
		{1889DB35-4D54-4DD4-80C9-0152F9729A28} = {8D28921B-C538-49B1-8614-524F30394B71}
	EndGlobalSection
	GlobalSection(ExtensibilityGlobals) = postSolution
		SolutionGuid = {0CEDD57E-B5EE-4B24-B789-E490EA093C22}
	EndGlobalSection
EndGlobal
