
Microsoft Visual Studio Solution File, Format Version 12.00
# Visual Studio 15
VisualStudioVersion = 15.0.28307.329
MinimumVisualStudioVersion = 10.0.40219.1
Project("{9A19103F-16F7-4668-BE54-9A1E7A4F7556}") = "BAF.Data", "BAF.Data\BAF.Data.csproj", "{98C46126-8610-49D5-BC60-AEBE475A9F32}"
EndProject
Project("{9A19103F-16F7-4668-BE54-9A1E7A4F7556}") = "BAF.Business", "BAF.Business\BAF.Business.csproj", "{8B586699-0BCE-4963-850E-C9AC3A359463}"
EndProject
Project("{9A19103F-16F7-4668-BE54-9A1E7A4F7556}") = "BAF.Api", "BAF.Api\BAF.Api.csproj", "{F7112941-9A6F-4FA9-B0FE-C1BD0BB8F35E}"
EndProject
Project("{9A19103F-16F7-4668-BE54-9A1E7A4F7556}") = "BAF.Model", "BAF.Model\BAF.Model.csproj", "{39B6239D-8FEA-4FC8-BFBD-7A1DCFBC7822}"
EndProject
Project("{9A19103F-16F7-4668-BE54-9A1E7A4F7556}") = "BAF.Core", "BAF.Core\BAF.Core.csproj", "{67686FF9-A118-40DF-8A33-FBD47C9B994C}"
EndProject
Project("{9A19103F-16F7-4668-BE54-9A1E7A4F7556}") = "BAF.Extensions", "BAF.Extensions\BAF.Extensions.csproj", "{2673EDF2-C52F-47A6-9BE0-9BF904D5ADF4}"
EndProject
Project("{9A19103F-16F7-4668-BE54-9A1E7A4F7556}") = "BAF.Exceptions", "BAF.Exceptions\BAF.Exceptions.csproj", "{38E718E4-B8EF-472F-A56D-52F4395D1F62}"
EndProject
Project("{9A19103F-16F7-4668-BE54-9A1E7A4F7556}") = "BAF.Konsole", "BAF.Konsole\BAF.Konsole.csproj", "{3E96E9B2-3F60-416F-AD98-0823BDF891F7}"
EndProject
Project("{9A19103F-16F7-4668-BE54-9A1E7A4F7556}") = "BAF", "BAF\BAF.csproj", "{A272E4AF-4199-421B-B065-0626E09A0994}"
EndProject
Project("{2150E333-8FDC-42A3-9474-1A3956D46DE8}") = "Components", "Components", "{7F9107F6-29EE-44CF-A958-57D9A2A72E51}"
EndProject
Project("{FAE04EC0-301F-11D3-BF4B-00C04F79EFBC}") = "BAF.Component.DbUp", "BAF.Component.DbUp\BAF.Component.DbUp.csproj", "{FBB236C1-5F85-49E5-96D8-4D379757A89C}"
EndProject
Project("{FAE04EC0-301F-11D3-BF4B-00C04F79EFBC}") = "BAF.Component.AutoMapper", "BAF.Component.AutoMapper\BAF.Component.AutoMapper.csproj", "{74B698BB-D522-405E-A996-1081770FA170}"
EndProject
Project("{FAE04EC0-301F-11D3-BF4B-00C04F79EFBC}") = "BAF.Component.SimpleInjector", "BAF.Component.SimpleInjector\BAF.Component.SimpleInjector.csproj", "{DA8E6C0D-9BBD-4B35-91EF-EF9153BB57C8}"
EndProject
Project("{FAE04EC0-301F-11D3-BF4B-00C04F79EFBC}") = "BAF.Component.RabbitMQ", "BAF.Component.RabbitMQ\BAF.Component.RabbitMQ.csproj", "{E8F8E5D4-7A71-4324-A1B9-2949EA4F4133}"
EndProject
Project("{FAE04EC0-301F-11D3-BF4B-00C04F79EFBC}") = "BAF.Component.MemoryCache", "BAF.Component.MemoryCache\BAF.Component.MemoryCache.csproj", "{3E9977E1-FAD9-49DF-A6B3-79EA726105F1}"
EndProject
Project("{FAE04EC0-301F-11D3-BF4B-00C04F79EFBC}") = "BAF.Component.Redis", "BAF.Component.Redis\BAF.Component.Redis.csproj", "{AA138C16-7759-4973-812C-3D557B8C1E9F}"
EndProject
Project("{FAE04EC0-301F-11D3-BF4B-00C04F79EFBC}") = "BAF.Component.Serilog", "BAF.Component.Serilog\BAF.Component.Serilog.csproj", "{E4FC8C41-2B03-48F5-B5F3-3988775D32FC}"
EndProject
Project("{FAE04EC0-301F-11D3-BF4B-00C04F79EFBC}") = "BAF.Component.AgileMapper", "BAF.Component.AgileMapper\BAF.Component.AgileMapper.csproj", "{709A766E-04C5-4281-824D-07C908F3A272}"
EndProject
Project("{FAE04EC0-301F-11D3-BF4B-00C04F79EFBC}") = "BAF.Component.AmazonMQ", "BAF.Component.AmazonMQ\BAF.Component.AmazonMQ.csproj", "{E4219F22-6983-41EE-802C-EB6D591DEF47}"
EndProject
Project("{FAE04EC0-301F-11D3-BF4B-00C04F79EFBC}") = "BAF.Component.Mapster", "BAF.Component.Mapster\BAF.Component.Mapster.csproj", "{4BE28F88-98D1-4537-88E8-A0197268C983}"
EndProject
Global
	GlobalSection(SolutionConfigurationPlatforms) = preSolution
		Default|Any CPU = Default|Any CPU
	EndGlobalSection
	GlobalSection(ProjectConfigurationPlatforms) = postSolution
		{98C46126-8610-49D5-BC60-AEBE475A9F32}.Default|Any CPU.ActiveCfg = Default|Any CPU
		{98C46126-8610-49D5-BC60-AEBE475A9F32}.Default|Any CPU.Build.0 = Default|Any CPU
		{8B586699-0BCE-4963-850E-C9AC3A359463}.Default|Any CPU.ActiveCfg = Default|Any CPU
		{8B586699-0BCE-4963-850E-C9AC3A359463}.Default|Any CPU.Build.0 = Default|Any CPU
		{F7112941-9A6F-4FA9-B0FE-C1BD0BB8F35E}.Default|Any CPU.ActiveCfg = Debug|Any CPU
		{F7112941-9A6F-4FA9-B0FE-C1BD0BB8F35E}.Default|Any CPU.Build.0 = Debug|Any CPU
		{39B6239D-8FEA-4FC8-BFBD-7A1DCFBC7822}.Default|Any CPU.ActiveCfg = Debug|Any CPU
		{39B6239D-8FEA-4FC8-BFBD-7A1DCFBC7822}.Default|Any CPU.Build.0 = Debug|Any CPU
		{67686FF9-A118-40DF-8A33-FBD47C9B994C}.Default|Any CPU.ActiveCfg = Debug|Any CPU
		{67686FF9-A118-40DF-8A33-FBD47C9B994C}.Default|Any CPU.Build.0 = Debug|Any CPU
		{2673EDF2-C52F-47A6-9BE0-9BF904D5ADF4}.Default|Any CPU.ActiveCfg = Debug|Any CPU
		{2673EDF2-C52F-47A6-9BE0-9BF904D5ADF4}.Default|Any CPU.Build.0 = Debug|Any CPU
		{38E718E4-B8EF-472F-A56D-52F4395D1F62}.Default|Any CPU.ActiveCfg = Debug|Any CPU
		{38E718E4-B8EF-472F-A56D-52F4395D1F62}.Default|Any CPU.Build.0 = Debug|Any CPU
		{3E96E9B2-3F60-416F-AD98-0823BDF891F7}.Default|Any CPU.ActiveCfg = Debug|Any CPU
		{3E96E9B2-3F60-416F-AD98-0823BDF891F7}.Default|Any CPU.Build.0 = Debug|Any CPU
		{A272E4AF-4199-421B-B065-0626E09A0994}.Default|Any CPU.ActiveCfg = Debug|Any CPU
		{A272E4AF-4199-421B-B065-0626E09A0994}.Default|Any CPU.Build.0 = Debug|Any CPU
		{FBB236C1-5F85-49E5-96D8-4D379757A89C}.Default|Any CPU.ActiveCfg = Debug|Any CPU
		{FBB236C1-5F85-49E5-96D8-4D379757A89C}.Default|Any CPU.Build.0 = Debug|Any CPU
		{74B698BB-D522-405E-A996-1081770FA170}.Default|Any CPU.ActiveCfg = Debug|Any CPU
		{74B698BB-D522-405E-A996-1081770FA170}.Default|Any CPU.Build.0 = Debug|Any CPU
		{DA8E6C0D-9BBD-4B35-91EF-EF9153BB57C8}.Default|Any CPU.ActiveCfg = Debug|Any CPU
		{DA8E6C0D-9BBD-4B35-91EF-EF9153BB57C8}.Default|Any CPU.Build.0 = Debug|Any CPU
		{E8F8E5D4-7A71-4324-A1B9-2949EA4F4133}.Default|Any CPU.ActiveCfg = Debug|Any CPU
		{E8F8E5D4-7A71-4324-A1B9-2949EA4F4133}.Default|Any CPU.Build.0 = Debug|Any CPU
		{3E9977E1-FAD9-49DF-A6B3-79EA726105F1}.Default|Any CPU.ActiveCfg = Debug|Any CPU
		{3E9977E1-FAD9-49DF-A6B3-79EA726105F1}.Default|Any CPU.Build.0 = Debug|Any CPU
		{AA138C16-7759-4973-812C-3D557B8C1E9F}.Default|Any CPU.ActiveCfg = Debug|Any CPU
		{AA138C16-7759-4973-812C-3D557B8C1E9F}.Default|Any CPU.Build.0 = Debug|Any CPU
		{E4FC8C41-2B03-48F5-B5F3-3988775D32FC}.Default|Any CPU.ActiveCfg = Debug|Any CPU
		{E4FC8C41-2B03-48F5-B5F3-3988775D32FC}.Default|Any CPU.Build.0 = Debug|Any CPU
		{709A766E-04C5-4281-824D-07C908F3A272}.Default|Any CPU.ActiveCfg = Debug|Any CPU
		{709A766E-04C5-4281-824D-07C908F3A272}.Default|Any CPU.Build.0 = Debug|Any CPU
		{E4219F22-6983-41EE-802C-EB6D591DEF47}.Default|Any CPU.ActiveCfg = Debug|Any CPU
		{E4219F22-6983-41EE-802C-EB6D591DEF47}.Default|Any CPU.Build.0 = Debug|Any CPU
		{4BE28F88-98D1-4537-88E8-A0197268C983}.Default|Any CPU.ActiveCfg = Debug|Any CPU
		{4BE28F88-98D1-4537-88E8-A0197268C983}.Default|Any CPU.Build.0 = Debug|Any CPU
	EndGlobalSection
	GlobalSection(SolutionProperties) = preSolution
		HideSolutionNode = FALSE
	EndGlobalSection
	GlobalSection(ExtensibilityGlobals) = postSolution
		SolutionGuid = {0CEDD57E-B5EE-4B24-B789-E490EA093C22}
	EndGlobalSection
	GlobalSection(NestedProjects) = preSolution
		{FBB236C1-5F85-49E5-96D8-4D379757A89C} = {7F9107F6-29EE-44CF-A958-57D9A2A72E51}
		{74B698BB-D522-405E-A996-1081770FA170} = {7F9107F6-29EE-44CF-A958-57D9A2A72E51}
		{DA8E6C0D-9BBD-4B35-91EF-EF9153BB57C8} = {7F9107F6-29EE-44CF-A958-57D9A2A72E51}
		{E8F8E5D4-7A71-4324-A1B9-2949EA4F4133} = {7F9107F6-29EE-44CF-A958-57D9A2A72E51}
		{3E9977E1-FAD9-49DF-A6B3-79EA726105F1} = {7F9107F6-29EE-44CF-A958-57D9A2A72E51}
		{AA138C16-7759-4973-812C-3D557B8C1E9F} = {7F9107F6-29EE-44CF-A958-57D9A2A72E51}
		{E4FC8C41-2B03-48F5-B5F3-3988775D32FC} = {7F9107F6-29EE-44CF-A958-57D9A2A72E51}
		{709A766E-04C5-4281-824D-07C908F3A272} = {7F9107F6-29EE-44CF-A958-57D9A2A72E51}
		{E4219F22-6983-41EE-802C-EB6D591DEF47} = {7F9107F6-29EE-44CF-A958-57D9A2A72E51}
		{4BE28F88-98D1-4537-88E8-A0197268C983} = {7F9107F6-29EE-44CF-A958-57D9A2A72E51}
	EndGlobalSection
EndGlobal
